SITE
  remote: http://community.opscode.com/api/v1
  specs:
    apt (1.7.0)
    build-essential (1.4.0)
    chef-client (3.0.4)
      cron (>= 1.2.0)
    chef_gem (0.1.0)
    chef_handler (1.1.4)
    chocolatey (0.0.5)
      powershell (>= 0.0.0)
    cron (1.2.4)
    dmg (1.1.0)
    gemrc (0.0.1)
    git (2.5.2)
      build-essential (>= 0.0.0)
      dmg (>= 0.0.0)
      runit (>= 1.0)
      windows (>= 0.0.0)
      yum (>= 0.0.0)
    imagemagick (0.2.2)
    mysql (3.0.2)
      build-essential (> 1.1.0)
      openssl (>= 0.0.0)
    openssl (1.0.2)
    powershell (1.1.0)
      windows (>= 1.2.8)
    runit (1.1.6)
      build-essential (>= 0.0.0)
      yum (>= 0.0.0)
    vim (1.0.2)
    windows (1.10.0)
      chef_handler (>= 0.0.0)
    xvfb (0.0.1)
    yum (2.3.0)

GIT
  remote: https://github.com/cramerdev/redis-cookbook.git
  ref: master
  sha: 6aa4886a1bc72bc044604c60b2932c0beaace6ce
  specs:
    redis (0.0.3)
      apt (>= 0.0.0)

GIT
  remote: https://github.com/customink-webops/phantomjs.git
  ref: master
  sha: 5ab5f938dbc3ab84275d2c5d3cf48ba27614813a
  specs:
    phantomjs (1.0.0)
      build-essential (>= 0.0.0)
      chocolatey (>= 0.0.0)

GIT
  remote: https://github.com/fnichol/chef-bashrc
  ref: master
  sha: 9c3ff77aab2bda7f2890da5681f6a4a392507caf
  specs:
    bashrc (0.2.3)
      git (>= 0.0.0)

GIT
  remote: https://github.com/fnichol/chef-rvm
  ref: master
  sha: 7038fb8c518d0d7785767de215b1ae463f237973
  specs:
    rvm (0.9.1)
      chef_gem (>= 0.0.0)

GIT
  remote: https://github.com/lakim/chef-firefox.git
  ref: master
  sha: 7c77aac147e921648c2030795b81ec3a1145b490
  specs:
    firefox (0.0.1)

GIT
  remote: https://github.com/phlipper/chef-bash-completion
  ref: master
  sha: ce9be22214d16e66ef83bb13ba04165fa412ff33
  specs:
    bash-completion (0.1.0)

GIT
  remote: https://github.com/vprokopchuk256/chef-bash-profile
  ref: master
  sha: 6d6b29dd10b68dc5532eeadd74fbe527790bd28d
  specs:
    bash-profile (0.1.0)

GIT
  remote: https://github.com/vprokopchuk256/chef-git-config
  ref: master
  sha: 3ced482161acc10dec324b604a1c3098e509b7f6
  specs:
    git-config (0.1.0)

DEPENDENCIES
  apt (= 1.7.0)
  bash-completion (>= 0)
  bash-profile (>= 0)
  bashrc (>= 0)
  chef-client (>= 0)
  firefox (>= 0)
  gemrc (>= 0)
  git (>= 0)
  git-config (>= 0)
  imagemagick (>= 0)
  mysql (>= 0)
  phantomjs (>= 0)
  redis (>= 0)
  rvm (>= 0)
  vim (>= 0)
  xvfb (>= 0)

