SITE
  remote: http://community.opscode.com/api/v1
  specs:
    apt (1.7.0)
    build-essential (1.4.0)
    chef_gem (0.1.0)
    chef_handler (1.1.4)
    dmg (1.1.0)
    gemrc (0.0.1)
    git (2.5.2)
      build-essential (>= 0.0.0)
      dmg (>= 0.0.0)
      runit (>= 1.0)
      windows (>= 0.0.0)
      yum (>= 0.0.0)
    mysql (3.0.2)
      build-essential (> 1.1.0)
      openssl (>= 0.0.0)
    openssl (1.0.2)
    runit (1.1.6)
      build-essential (>= 0.0.0)
      yum (>= 0.0.0)
    vim (1.0.2)
    windows (1.10.0)
      chef_handler (>= 0.0.0)
    xvfb (0.0.1)
    yum (2.3.0)

GIT
  remote: https://github.com/cramerdev/redis-cookbook.git
  ref: master
  sha: 6aa4886a1bc72bc044604c60b2932c0beaace6ce
  specs:
    redis (0.0.3)
      apt (>= 0.0.0)

GIT
  remote: https://github.com/fnichol/chef-rvm
  ref: master
  sha: 7038fb8c518d0d7785767de215b1ae463f237973
  specs:
    rvm (0.9.1)
      chef_gem (>= 0.0.0)

GIT
  remote: https://github.com/vprokopchuk256/chef-git-config
  ref: master
  sha: 3ced482161acc10dec324b604a1c3098e509b7f6
  specs:
    git-config (0.1.0)

DEPENDENCIES
  apt (= 1.7.0)
  gemrc (>= 0)
  git (>= 0)
  git-config (>= 0)
  mysql (>= 0)
  redis (>= 0)
  rvm (>= 0)
  vim (>= 0)
  xvfb (>= 0)

